
Microsoft Visual Studio Solution File, Format Version 12.00
# Visual Studio 15
VisualStudioVersion = 15.0.26228.4
MinimumVisualStudioVersion = 10.0.40219.1
Project("{9A19103F-16F7-4668-BE54-9A1E7A4F7556}") = "flight-search-api", "flight-search-api\flight-search-api.csproj", "{73DE6FBD-9648-4373-A158-CC4690CA3E99}"
EndProject
Project("{9A19103F-16F7-4668-BE54-9A1E7A4F7556}") = "flight-search-client", "flight-search-client\flight-search-client.csproj", "{DC608A83-2BAC-4A17-B68F-9DA0199BEB27}"
EndProject
Global
	GlobalSection(SolutionConfigurationPlatforms) = preSolution
		Debug|Any CPU = Debug|Any CPU
		Release|Any CPU = Release|Any CPU
	EndGlobalSection
	GlobalSection(ProjectConfigurationPlatforms) = postSolution
		{73DE6FBD-9648-4373-A158-CC4690CA3E99}.Debug|Any CPU.ActiveCfg = Debug|Any CPU
		{73DE6FBD-9648-4373-A158-CC4690CA3E99}.Debug|Any CPU.Build.0 = Debug|Any CPU
		{73DE6FBD-9648-4373-A158-CC4690CA3E99}.Release|Any CPU.ActiveCfg = Release|Any CPU
		{73DE6FBD-9648-4373-A158-CC4690CA3E99}.Release|Any CPU.Build.0 = Release|Any CPU
		{DC608A83-2BAC-4A17-B68F-9DA0199BEB27}.Debug|Any CPU.ActiveCfg = Debug|Any CPU
		{DC608A83-2BAC-4A17-B68F-9DA0199BEB27}.Debug|Any CPU.Build.0 = Debug|Any CPU
		{DC608A83-2BAC-4A17-B68F-9DA0199BEB27}.Release|Any CPU.ActiveCfg = Release|Any CPU
		{DC608A83-2BAC-4A17-B68F-9DA0199BEB27}.Release|Any CPU.Build.0 = Release|Any CPU
	EndGlobalSection
	GlobalSection(SolutionProperties) = preSolution
		HideSolutionNode = FALSE
	EndGlobalSection
EndGlobal
